// !$*UTF8*$!
{
	archiveVersion = 1;
	classes = {
	};
	objectVersion = 56;
	objects = {

/* Begin PBXBuildFile section */
		AA5135A92B9AE22A005EECA1 /* HomePage.swift in Sources */ = {isa = PBXBuildFile; fileRef = AA5135A82B9AE22A005EECA1 /* HomePage.swift */; };
		AAA46A292B870F200099BED3 /* AppDelegate.swift in Sources */ = {isa = PBXBuildFile; fileRef = AAA46A282B870F200099BED3 /* AppDelegate.swift */; };
		AAA46A2B2B870F200099BED3 /* SceneDelegate.swift in Sources */ = {isa = PBXBuildFile; fileRef = AAA46A2A2B870F200099BED3 /* SceneDelegate.swift */; };
		AAA46A2D2B870F200099BED3 /* ViewController.swift in Sources */ = {isa = PBXBuildFile; fileRef = AAA46A2C2B870F200099BED3 /* ViewController.swift */; };
		AAA46A302B870F200099BED3 /* Main.storyboard in Resources */ = {isa = PBXBuildFile; fileRef = AAA46A2E2B870F200099BED3 /* Main.storyboard */; };
		AAA46A322B870F220099BED3 /* Assets.xcassets in Resources */ = {isa = PBXBuildFile; fileRef = AAA46A312B870F220099BED3 /* Assets.xcassets */; };
		AAA46A352B870F220099BED3 /* LaunchScreen.storyboard in Resources */ = {isa = PBXBuildFile; fileRef = AAA46A332B870F220099BED3 /* LaunchScreen.storyboard */; };
		AAA46A412B8716720099BED3 /* Misc.swift in Sources */ = {isa = PBXBuildFile; fileRef = AAA46A402B8716720099BED3 /* Misc.swift */; };
		AAC7575C2B9A5BF2002084F1 /* skribbleGIF.gif in Resources */ = {isa = PBXBuildFile; fileRef = AAC7575B2B9A5BF2002084F1 /* skribbleGIF.gif */; };
		AAC7575F2B9A6830002084F1 /* MatchManager.swift in Sources */ = {isa = PBXBuildFile; fileRef = AAC7575E2B9A6830002084F1 /* MatchManager.swift */; };
		FD7080752B8952DE00FA063D /* Lottie in Frameworks */ = {isa = PBXBuildFile; productRef = FD7080742B8952DE00FA063D /* Lottie */; };
/* End PBXBuildFile section */

/* Begin PBXFileReference section */
		AA5135A82B9AE22A005EECA1 /* HomePage.swift */ = {isa = PBXFileReference; lastKnownFileType = sourcecode.swift; path = HomePage.swift; sourceTree = "<group>"; };
		AAA46A252B870F200099BED3 /* ScribbleGame.app */ = {isa = PBXFileReference; explicitFileType = wrapper.application; includeInIndex = 0; path = ScribbleGame.app; sourceTree = BUILT_PRODUCTS_DIR; };
		AAA46A282B870F200099BED3 /* AppDelegate.swift */ = {isa = PBXFileReference; lastKnownFileType = sourcecode.swift; path = AppDelegate.swift; sourceTree = "<group>"; };
		AAA46A2A2B870F200099BED3 /* SceneDelegate.swift */ = {isa = PBXFileReference; lastKnownFileType = sourcecode.swift; path = SceneDelegate.swift; sourceTree = "<group>"; };
		AAA46A2C2B870F200099BED3 /* ViewController.swift */ = {isa = PBXFileReference; lastKnownFileType = sourcecode.swift; path = ViewController.swift; sourceTree = "<group>"; };
		AAA46A2F2B870F200099BED3 /* Base */ = {isa = PBXFileReference; lastKnownFileType = file.storyboard; name = Base; path = Base.lproj/Main.storyboard; sourceTree = "<group>"; };
		AAA46A312B870F220099BED3 /* Assets.xcassets */ = {isa = PBXFileReference; lastKnownFileType = folder.assetcatalog; path = Assets.xcassets; sourceTree = "<group>"; };
		AAA46A342B870F220099BED3 /* Base */ = {isa = PBXFileReference; lastKnownFileType = file.storyboard; name = Base; path = Base.lproj/LaunchScreen.storyboard; sourceTree = "<group>"; };
		AAA46A362B870F220099BED3 /* Info.plist */ = {isa = PBXFileReference; lastKnownFileType = text.plist.xml; path = Info.plist; sourceTree = "<group>"; };
		AAA46A402B8716720099BED3 /* Misc.swift */ = {isa = PBXFileReference; lastKnownFileType = sourcecode.swift; path = Misc.swift; sourceTree = "<group>"; };
		AAC7575B2B9A5BF2002084F1 /* skribbleGIF.gif */ = {isa = PBXFileReference; lastKnownFileType = image.gif; path = skribbleGIF.gif; sourceTree = "<group>"; };
		AAC7575E2B9A6830002084F1 /* MatchManager.swift */ = {isa = PBXFileReference; lastKnownFileType = sourcecode.swift; path = MatchManager.swift; sourceTree = "<group>"; };
/* End PBXFileReference section */

/* Begin PBXFrameworksBuildPhase section */
		AAA46A222B870F200099BED3 /* Frameworks */ = {
			isa = PBXFrameworksBuildPhase;
			buildActionMask = 2147483647;
			files = (
				FD7080752B8952DE00FA063D /* Lottie in Frameworks */,
			);
			runOnlyForDeploymentPostprocessing = 0;
		};
/* End PBXFrameworksBuildPhase section */

/* Begin PBXGroup section */
		AAA46A1C2B870F200099BED3 = {
			isa = PBXGroup;
			children = (
				AAA46A272B870F200099BED3 /* ScribbleGame */,
				AAA46A262B870F200099BED3 /* Products */,
			);
			sourceTree = "<group>";
		};
		AAA46A262B870F200099BED3 /* Products */ = {
			isa = PBXGroup;
			children = (
				AAA46A252B870F200099BED3 /* ScribbleGame.app */,
			);
			name = Products;
			sourceTree = "<group>";
		};
		AAA46A272B870F200099BED3 /* ScribbleGame */ = {
			isa = PBXGroup;
			children = (
				AAA46A282B870F200099BED3 /* AppDelegate.swift */,
				AAA46A2A2B870F200099BED3 /* SceneDelegate.swift */,
				AAA46A2C2B870F200099BED3 /* ViewController.swift */,
				AAA46A2E2B870F200099BED3 /* Main.storyboard */,
				AAA46A312B870F220099BED3 /* Assets.xcassets */,
				AAC7575D2B9A5BF9002084F1 /* GIFs */,
				AAA46A332B870F220099BED3 /* LaunchScreen.storyboard */,
				AAA46A362B870F220099BED3 /* Info.plist */,
				AAA46A402B8716720099BED3 /* Misc.swift */,
				AAC7575E2B9A6830002084F1 /* MatchManager.swift */,
				AA5135A82B9AE22A005EECA1 /* HomePage.swift */,
			);
			path = ScribbleGame;
			sourceTree = "<group>";
		};
		AAC7575D2B9A5BF9002084F1 /* GIFs */ = {
			isa = PBXGroup;
			children = (
				AAC7575B2B9A5BF2002084F1 /* skribbleGIF.gif */,
			);
			path = GIFs;
			sourceTree = "<group>";
		};
/* End PBXGroup section */

/* Begin PBXNativeTarget section */
		AAA46A242B870F200099BED3 /* ScribbleGame */ = {
			isa = PBXNativeTarget;
			buildConfigurationList = AAA46A392B870F220099BED3 /* Build configuration list for PBXNativeTarget "ScribbleGame" */;
			buildPhases = (
				AAA46A212B870F200099BED3 /* Sources */,
				AAA46A222B870F200099BED3 /* Frameworks */,
				AAA46A232B870F200099BED3 /* Resources */,
			);
			buildRules = (
			);
			dependencies = (
			);
			name = ScribbleGame;
			packageProductDependencies = (
				FD7080742B8952DE00FA063D /* Lottie */,
			);
			productName = ScribbleGame;
			productReference = AAA46A252B870F200099BED3 /* ScribbleGame.app */;
			productType = "com.apple.product-type.application";
		};
/* End PBXNativeTarget section */

/* Begin PBXProject section */
		AAA46A1D2B870F200099BED3 /* Project object */ = {
			isa = PBXProject;
			attributes = {
				BuildIndependentTargetsInParallel = 1;
				LastSwiftUpdateCheck = 1520;
				LastUpgradeCheck = 1520;
				TargetAttributes = {
					AAA46A242B870F200099BED3 = {
						CreatedOnToolsVersion = 15.2;
					};
				};
			};
			buildConfigurationList = AAA46A202B870F200099BED3 /* Build configuration list for PBXProject "ScribbleGame" */;
			compatibilityVersion = "Xcode 14.0";
			developmentRegion = en;
			hasScannedForEncodings = 0;
			knownRegions = (
				en,
				Base,
			);
			mainGroup = AAA46A1C2B870F200099BED3;
			packageReferences = (
				FD7080732B8952DE00FA063D /* XCRemoteSwiftPackageReference "lottie-ios" */,
			);
			productRefGroup = AAA46A262B870F200099BED3 /* Products */;
			projectDirPath = "";
			projectRoot = "";
			targets = (
				AAA46A242B870F200099BED3 /* ScribbleGame */,
			);
		};
/* End PBXProject section */

/* Begin PBXResourcesBuildPhase section */
		AAA46A232B870F200099BED3 /* Resources */ = {
			isa = PBXResourcesBuildPhase;
			buildActionMask = 2147483647;
			files = (
				AAA46A352B870F220099BED3 /* LaunchScreen.storyboard in Resources */,
				AAA46A322B870F220099BED3 /* Assets.xcassets in Resources */,
				AAA46A302B870F200099BED3 /* Main.storyboard in Resources */,
				AAC7575C2B9A5BF2002084F1 /* skribbleGIF.gif in Resources */,
			);
			runOnlyForDeploymentPostprocessing = 0;
		};
/* End PBXResourcesBuildPhase section */

/* Begin PBXSourcesBuildPhase section */
		AAA46A212B870F200099BED3 /* Sources */ = {
			isa = PBXSourcesBuildPhase;
			buildActionMask = 2147483647;
			files = (
				AAA46A2D2B870F200099BED3 /* ViewController.swift in Sources */,
				AA5135A92B9AE22A005EECA1 /* HomePage.swift in Sources */,
				AAA46A412B8716720099BED3 /* Misc.swift in Sources */,
				AAA46A292B870F200099BED3 /* AppDelegate.swift in Sources */,
				AAC7575F2B9A6830002084F1 /* MatchManager.swift in Sources */,
				AAA46A2B2B870F200099BED3 /* SceneDelegate.swift in Sources */,
			);
			runOnlyForDeploymentPostprocessing = 0;
		};
/* End PBXSourcesBuildPhase section */

/* Begin PBXVariantGroup section */
		AAA46A2E2B870F200099BED3 /* Main.storyboard */ = {
			isa = PBXVariantGroup;
			children = (
				AAA46A2F2B870F200099BED3 /* Base */,
			);
			name = Main.storyboard;
			sourceTree = "<group>";
		};
		AAA46A332B870F220099BED3 /* LaunchScreen.storyboard */ = {
			isa = PBXVariantGroup;
			children = (
				AAA46A342B870F220099BED3 /* Base */,
			);
			name = LaunchScreen.storyboard;
			sourceTree = "<group>";
		};
/* End PBXVariantGroup section */

/* Begin XCBuildConfiguration section */
		AAA46A372B870F220099BED3 /* Debug */ = {
			isa = XCBuildConfiguration;
			buildSettings = {
				ALWAYS_SEARCH_USER_PATHS = NO;
				ASSETCATALOG_COMPILER_GENERATE_SWIFT_ASSET_SYMBOL_EXTENSIONS = YES;
				CLANG_ANALYZER_NONNULL = YES;
				CLANG_ANALYZER_NUMBER_OBJECT_CONVERSION = YES_AGGRESSIVE;
				CLANG_CXX_LANGUAGE_STANDARD = "gnu++20";
				CLANG_ENABLE_MODULES = YES;
				CLANG_ENABLE_OBJC_ARC = YES;
				CLANG_ENABLE_OBJC_WEAK = YES;
				CLANG_WARN_BLOCK_CAPTURE_AUTORELEASING = YES;
				CLANG_WARN_BOOL_CONVERSION = YES;
				CLANG_WARN_COMMA = YES;
				CLANG_WARN_CONSTANT_CONVERSION = YES;
				CLANG_WARN_DEPRECATED_OBJC_IMPLEMENTATIONS = YES;
				CLANG_WARN_DIRECT_OBJC_ISA_USAGE = YES_ERROR;
				CLANG_WARN_DOCUMENTATION_COMMENTS = YES;
				CLANG_WARN_EMPTY_BODY = YES;
				CLANG_WARN_ENUM_CONVERSION = YES;
				CLANG_WARN_INFINITE_RECURSION = YES;
				CLANG_WARN_INT_CONVERSION = YES;
				CLANG_WARN_NON_LITERAL_NULL_CONVERSION = YES;
				CLANG_WARN_OBJC_IMPLICIT_RETAIN_SELF = YES;
				CLANG_WARN_OBJC_LITERAL_CONVERSION = YES;
				CLANG_WARN_OBJC_ROOT_CLASS = YES_ERROR;
				CLANG_WARN_QUOTED_INCLUDE_IN_FRAMEWORK_HEADER = YES;
				CLANG_WARN_RANGE_LOOP_ANALYSIS = YES;
				CLANG_WARN_STRICT_PROTOTYPES = YES;
				CLANG_WARN_SUSPICIOUS_MOVE = YES;
				CLANG_WARN_UNGUARDED_AVAILABILITY = YES_AGGRESSIVE;
				CLANG_WARN_UNREACHABLE_CODE = YES;
				CLANG_WARN__DUPLICATE_METHOD_MATCH = YES;
				COPY_PHASE_STRIP = NO;
				DEBUG_INFORMATION_FORMAT = dwarf;
				ENABLE_STRICT_OBJC_MSGSEND = YES;
				ENABLE_TESTABILITY = YES;
				ENABLE_USER_SCRIPT_SANDBOXING = YES;
				GCC_C_LANGUAGE_STANDARD = gnu17;
				GCC_DYNAMIC_NO_PIC = NO;
				GCC_NO_COMMON_BLOCKS = YES;
				GCC_OPTIMIZATION_LEVEL = 0;
				GCC_PREPROCESSOR_DEFINITIONS = (
					"DEBUG=1",
					"$(inherited)",
				);
				GCC_WARN_64_TO_32_BIT_CONVERSION = YES;
				GCC_WARN_ABOUT_RETURN_TYPE = YES_ERROR;
				GCC_WARN_UNDECLARED_SELECTOR = YES;
				GCC_WARN_UNINITIALIZED_AUTOS = YES_AGGRESSIVE;
				GCC_WARN_UNUSED_FUNCTION = YES;
				GCC_WARN_UNUSED_VARIABLE = YES;
				IPHONEOS_DEPLOYMENT_TARGET = 17.2;
				LOCALIZATION_PREFERS_STRING_CATALOGS = YES;
				MTL_ENABLE_DEBUG_INFO = INCLUDE_SOURCE;
				MTL_FAST_MATH = YES;
				ONLY_ACTIVE_ARCH = YES;
				SDKROOT = iphoneos;
				SWIFT_ACTIVE_COMPILATION_CONDITIONS = "DEBUG $(inherited)";
				SWIFT_OPTIMIZATION_LEVEL = "-Onone";
			};
			name = Debug;
		};
		AAA46A382B870F220099BED3 /* Release */ = {
			isa = XCBuildConfiguration;
			buildSettings = {
				ALWAYS_SEARCH_USER_PATHS = NO;
				ASSETCATALOG_COMPILER_GENERATE_SWIFT_ASSET_SYMBOL_EXTENSIONS = YES;
				CLANG_ANALYZER_NONNULL = YES;
				CLANG_ANALYZER_NUMBER_OBJECT_CONVERSION = YES_AGGRESSIVE;
				CLANG_CXX_LANGUAGE_STANDARD = "gnu++20";
				CLANG_ENABLE_MODULES = YES;
				CLANG_ENABLE_OBJC_ARC = YES;
				CLANG_ENABLE_OBJC_WEAK = YES;
				CLANG_WARN_BLOCK_CAPTURE_AUTORELEASING = YES;
				CLANG_WARN_BOOL_CONVERSION = YES;
				CLANG_WARN_COMMA = YES;
				CLANG_WARN_CONSTANT_CONVERSION = YES;
				CLANG_WARN_DEPRECATED_OBJC_IMPLEMENTATIONS = YES;
				CLANG_WARN_DIRECT_OBJC_ISA_USAGE = YES_ERROR;
				CLANG_WARN_DOCUMENTATION_COMMENTS = YES;
				CLANG_WARN_EMPTY_BODY = YES;
				CLANG_WARN_ENUM_CONVERSION = YES;
				CLANG_WARN_INFINITE_RECURSION = YES;
				CLANG_WARN_INT_CONVERSION = YES;
				CLANG_WARN_NON_LITERAL_NULL_CONVERSION = YES;
				CLANG_WARN_OBJC_IMPLICIT_RETAIN_SELF = YES;
				CLANG_WARN_OBJC_LITERAL_CONVERSION = YES;
				CLANG_WARN_OBJC_ROOT_CLASS = YES_ERROR;
				CLANG_WARN_QUOTED_INCLUDE_IN_FRAMEWORK_HEADER = YES;
				CLANG_WARN_RANGE_LOOP_ANALYSIS = YES;
				CLANG_WARN_STRICT_PROTOTYPES = YES;
				CLANG_WARN_SUSPICIOUS_MOVE = YES;
				CLANG_WARN_UNGUARDED_AVAILABILITY = YES_AGGRESSIVE;
				CLANG_WARN_UNREACHABLE_CODE = YES;
				CLANG_WARN__DUPLICATE_METHOD_MATCH = YES;
				COPY_PHASE_STRIP = NO;
				DEBUG_INFORMATION_FORMAT = "dwarf-with-dsym";
				ENABLE_NS_ASSERTIONS = NO;
				ENABLE_STRICT_OBJC_MSGSEND = YES;
				ENABLE_USER_SCRIPT_SANDBOXING = YES;
				GCC_C_LANGUAGE_STANDARD = gnu17;
				GCC_NO_COMMON_BLOCKS = YES;
				GCC_WARN_64_TO_32_BIT_CONVERSION = YES;
				GCC_WARN_ABOUT_RETURN_TYPE = YES_ERROR;
				GCC_WARN_UNDECLARED_SELECTOR = YES;
				GCC_WARN_UNINITIALIZED_AUTOS = YES_AGGRESSIVE;
				GCC_WARN_UNUSED_FUNCTION = YES;
				GCC_WARN_UNUSED_VARIABLE = YES;
				IPHONEOS_DEPLOYMENT_TARGET = 17.2;
				LOCALIZATION_PREFERS_STRING_CATALOGS = YES;
				MTL_ENABLE_DEBUG_INFO = NO;
				MTL_FAST_MATH = YES;
				SDKROOT = iphoneos;
				SWIFT_COMPILATION_MODE = wholemodule;
				VALIDATE_PRODUCT = YES;
			};
			name = Release;
		};
		AAA46A3A2B870F220099BED3 /* Debug */ = {
			isa = XCBuildConfiguration;
			buildSettings = {
				ASSETCATALOG_COMPILER_APPICON_NAME = AppIcon;
				ASSETCATALOG_COMPILER_GLOBAL_ACCENT_COLOR_NAME = AccentColor;
				CODE_SIGN_STYLE = Automatic;
				CURRENT_PROJECT_VERSION = 1;
				GENERATE_INFOPLIST_FILE = YES;
				INFOPLIST_FILE = ScribbleGame/Info.plist;
				INFOPLIST_KEY_UIApplicationSupportsIndirectInputEvents = YES;
				INFOPLIST_KEY_UILaunchStoryboardName = LaunchScreen;
				INFOPLIST_KEY_UIMainStoryboardFile = Main;
				INFOPLIST_KEY_UISupportedInterfaceOrientations_iPad = "UIInterfaceOrientationPortrait UIInterfaceOrientationPortraitUpsideDown UIInterfaceOrientationLandscapeLeft UIInterfaceOrientationLandscapeRight";
				INFOPLIST_KEY_UISupportedInterfaceOrientations_iPhone = "UIInterfaceOrientationPortrait UIInterfaceOrientationLandscapeLeft UIInterfaceOrientationLandscapeRight";
				LD_RUNPATH_SEARCH_PATHS = (
					"$(inherited)",
					"@executable_path/Frameworks",
				);
				MARKETING_VERSION = 1.0;
				PRODUCT_BUNDLE_IDENTIFIER = edu.nwmissouri.spring24.cs44643.sec03.ScribbleGame;
				PRODUCT_NAME = "$(TARGET_NAME)";
				SWIFT_EMIT_LOC_STRINGS = YES;
				SWIFT_VERSION = 5.0;
				TARGETED_DEVICE_FAMILY = "1,2";
			};
			name = Debug;
		};
		AAA46A3B2B870F220099BED3 /* Release */ = {
			isa = XCBuildConfiguration;
			buildSettings = {
				ASSETCATALOG_COMPILER_APPICON_NAME = AppIcon;
				ASSETCATALOG_COMPILER_GLOBAL_ACCENT_COLOR_NAME = AccentColor;
				CODE_SIGN_STYLE = Automatic;
				CURRENT_PROJECT_VERSION = 1;
				GENERATE_INFOPLIST_FILE = YES;
				INFOPLIST_FILE = ScribbleGame/Info.plist;
				INFOPLIST_KEY_UIApplicationSupportsIndirectInputEvents = YES;
				INFOPLIST_KEY_UILaunchStoryboardName = LaunchScreen;
				INFOPLIST_KEY_UIMainStoryboardFile = Main;
				INFOPLIST_KEY_UISupportedInterfaceOrientations_iPad = "UIInterfaceOrientationPortrait UIInterfaceOrientationPortraitUpsideDown UIInterfaceOrientationLandscapeLeft UIInterfaceOrientationLandscapeRight";
				INFOPLIST_KEY_UISupportedInterfaceOrientations_iPhone = "UIInterfaceOrientationPortrait UIInterfaceOrientationLandscapeLeft UIInterfaceOrientationLandscapeRight";
				LD_RUNPATH_SEARCH_PATHS = (
					"$(inherited)",
					"@executable_path/Frameworks",
				);
				MARKETING_VERSION = 1.0;
				PRODUCT_BUNDLE_IDENTIFIER = edu.nwmissouri.spring24.cs44643.sec03.ScribbleGame;
				PRODUCT_NAME = "$(TARGET_NAME)";
				SWIFT_EMIT_LOC_STRINGS = YES;
				SWIFT_VERSION = 5.0;
				TARGETED_DEVICE_FAMILY = "1,2";
			};
			name = Release;
		};
/* End XCBuildConfiguration section */

/* Begin XCConfigurationList section */
		AAA46A202B870F200099BED3 /* Build configuration list for PBXProject "ScribbleGame" */ = {
			isa = XCConfigurationList;
			buildConfigurations = (
				AAA46A372B870F220099BED3 /* Debug */,
				AAA46A382B870F220099BED3 /* Release */,
			);
			defaultConfigurationIsVisible = 0;
			defaultConfigurationName = Release;
		};
		AAA46A392B870F220099BED3 /* Build configuration list for PBXNativeTarget "ScribbleGame" */ = {
			isa = XCConfigurationList;
			buildConfigurations = (
				AAA46A3A2B870F220099BED3 /* Debug */,
				AAA46A3B2B870F220099BED3 /* Release */,
			);
			defaultConfigurationIsVisible = 0;
			defaultConfigurationName = Release;
		};
/* End XCConfigurationList section */

/* Begin XCRemoteSwiftPackageReference section */
		FD7080732B8952DE00FA063D /* XCRemoteSwiftPackageReference "lottie-ios" */ = {
			isa = XCRemoteSwiftPackageReference;
			repositoryURL = "https://github.com/airbnb/lottie-ios.git";
			requirement = {
				kind = upToNextMajorVersion;
				minimumVersion = 4.4.1;
			};
		};
/* End XCRemoteSwiftPackageReference section */

/* Begin XCSwiftPackageProductDependency section */
		FD7080742B8952DE00FA063D /* Lottie */ = {
			isa = XCSwiftPackageProductDependency;
			package = FD7080732B8952DE00FA063D /* XCRemoteSwiftPackageReference "lottie-ios" */;
			productName = Lottie;
		};
/* End XCSwiftPackageProductDependency section */
	};
	rootObject = AAA46A1D2B870F200099BED3 /* Project object */;
}
